
Microsoft Visual Studio Solution File, Format Version 12.00
# Visual Studio 14
VisualStudioVersion = 14.0.23107.0
MinimumVisualStudioVersion = 10.0.40219.1
Project("{FAE04EC0-301F-11D3-BF4B-00C04F79EFBC}") = "ReportingSystem.Core", "ReportingSystem.Core\ReportingSystem.Core.csproj", "{826551E0-63AD-4CD5-9EFF-D665D5465E29}"
EndProject
Project("{FAE04EC0-301F-11D3-BF4B-00C04F79EFBC}") = "ReportingSystem.Reports", "ReportingSystem.Reports\ReportingSystem.Reports.csproj", "{C36BDC5C-DDF0-4999-B348-3962222115D6}"
EndProject
Project("{FAE04EC0-301F-11D3-BF4B-00C04F79EFBC}") = "DataSource.StampsCollection", "DataSource.StampsCollection\DataSource.StampsCollection.csproj", "{46CC6B50-27F7-4C37-B79D-8C83968AE0FA}"
EndProject
Project("{FAE04EC0-301F-11D3-BF4B-00C04F79EFBC}") = "Interaction.Console", "Interaction.Console\Interaction.Console.csproj", "{946B5A67-6F33-4FF6-98FC-20C42AC85BD9}"
EndProject
Project("{FAE04EC0-301F-11D3-BF4B-00C04F79EFBC}") = "ReportingSystem.Reports.Tests", "ReportingSystem.Reports.Tests\ReportingSystem.Reports.Tests.csproj", "{D9580715-9E5E-4FAE-ADB2-B28459363A56}"
EndProject
Global
	GlobalSection(SolutionConfigurationPlatforms) = preSolution
		Debug|Any CPU = Debug|Any CPU
		Release|Any CPU = Release|Any CPU
	EndGlobalSection
	GlobalSection(ProjectConfigurationPlatforms) = postSolution
		{826551E0-63AD-4CD5-9EFF-D665D5465E29}.Debug|Any CPU.ActiveCfg = Debug|Any CPU
		{826551E0-63AD-4CD5-9EFF-D665D5465E29}.Debug|Any CPU.Build.0 = Debug|Any CPU
		{826551E0-63AD-4CD5-9EFF-D665D5465E29}.Release|Any CPU.ActiveCfg = Release|Any CPU
		{826551E0-63AD-4CD5-9EFF-D665D5465E29}.Release|Any CPU.Build.0 = Release|Any CPU
		{C36BDC5C-DDF0-4999-B348-3962222115D6}.Debug|Any CPU.ActiveCfg = Debug|Any CPU
		{C36BDC5C-DDF0-4999-B348-3962222115D6}.Debug|Any CPU.Build.0 = Debug|Any CPU
		{C36BDC5C-DDF0-4999-B348-3962222115D6}.Release|Any CPU.ActiveCfg = Release|Any CPU
		{C36BDC5C-DDF0-4999-B348-3962222115D6}.Release|Any CPU.Build.0 = Release|Any CPU
		{46CC6B50-27F7-4C37-B79D-8C83968AE0FA}.Debug|Any CPU.ActiveCfg = Debug|Any CPU
		{46CC6B50-27F7-4C37-B79D-8C83968AE0FA}.Debug|Any CPU.Build.0 = Debug|Any CPU
		{46CC6B50-27F7-4C37-B79D-8C83968AE0FA}.Release|Any CPU.ActiveCfg = Release|Any CPU
		{46CC6B50-27F7-4C37-B79D-8C83968AE0FA}.Release|Any CPU.Build.0 = Release|Any CPU
		{946B5A67-6F33-4FF6-98FC-20C42AC85BD9}.Debug|Any CPU.ActiveCfg = Debug|Any CPU
		{946B5A67-6F33-4FF6-98FC-20C42AC85BD9}.Debug|Any CPU.Build.0 = Debug|Any CPU
		{946B5A67-6F33-4FF6-98FC-20C42AC85BD9}.Release|Any CPU.ActiveCfg = Release|Any CPU
		{946B5A67-6F33-4FF6-98FC-20C42AC85BD9}.Release|Any CPU.Build.0 = Release|Any CPU
		{D9580715-9E5E-4FAE-ADB2-B28459363A56}.Debug|Any CPU.ActiveCfg = Debug|Any CPU
		{D9580715-9E5E-4FAE-ADB2-B28459363A56}.Debug|Any CPU.Build.0 = Debug|Any CPU
		{D9580715-9E5E-4FAE-ADB2-B28459363A56}.Release|Any CPU.ActiveCfg = Release|Any CPU
		{D9580715-9E5E-4FAE-ADB2-B28459363A56}.Release|Any CPU.Build.0 = Release|Any CPU
	EndGlobalSection
	GlobalSection(SolutionProperties) = preSolution
		HideSolutionNode = FALSE
	EndGlobalSection
EndGlobal
